
Microsoft Visual Studio Solution File, Format Version 12.00
# Visual Studio Version 17
VisualStudioVersion = 17.8.34408.163
MinimumVisualStudioVersion = 10.0.40219.1
Project("{9A19103F-16F7-4668-BE54-9A1E7A4F7556}") = "Web", "Web\Web.csproj", "{F996AD40-F8B7-432A-8A68-49C4BD0AE9E6}"
EndProject
Project("{9A19103F-16F7-4668-BE54-9A1E7A4F7556}") = "ApplicationCore", "ApplicationCore\ApplicationCore.csproj", "{58ECFAE0-C71F-47E8-AD5B-CB5ED5CA543A}"
EndProject
Project("{9A19103F-16F7-4668-BE54-9A1E7A4F7556}") = "DataAccess", "DataAccess\DataAccess.csproj", "{D1108D79-64B4-4F68-8D3C-5C45544B8C86}"
EndProject
Project("{2150E333-8FDC-42A3-9474-1A3956D46DE8}") = "Элементы решения", "Элементы решения", "{347E6335-5FA9-43EC-BBA6-399374EF8EBB}"
	ProjectSection(SolutionItems) = preProject
		.gitattributes = .gitattributes
		.gitignore = .gitignore
		.github\workflows\dotnet.yml = .github\workflows\dotnet.yml
		LICENSE.txt = LICENSE.txt
		README.md = README.md
	EndProjectSection
EndProject
Project("{E53339B2-1760-4266-BCC7-CA923CBCF16C}") = "docker-compose", "docker-compose.dcproj", "{84A5BA58-DF79-401A-ACCF-B3C36CF38F68}"
EndProject
Project("{2150E333-8FDC-42A3-9474-1A3956D46DE8}") = "tests", "tests", "{CF499F7B-8402-47B6-A475-83D63A2E193C}"
EndProject
Global
	GlobalSection(SolutionConfigurationPlatforms) = preSolution
		Debug|Any CPU = Debug|Any CPU
		Release|Any CPU = Release|Any CPU
	EndGlobalSection
	GlobalSection(ProjectConfigurationPlatforms) = postSolution
		{F996AD40-F8B7-432A-8A68-49C4BD0AE9E6}.Debug|Any CPU.ActiveCfg = Debug|Any CPU
		{F996AD40-F8B7-432A-8A68-49C4BD0AE9E6}.Debug|Any CPU.Build.0 = Debug|Any CPU
		{F996AD40-F8B7-432A-8A68-49C4BD0AE9E6}.Release|Any CPU.ActiveCfg = Release|Any CPU
		{F996AD40-F8B7-432A-8A68-49C4BD0AE9E6}.Release|Any CPU.Build.0 = Release|Any CPU
		{58ECFAE0-C71F-47E8-AD5B-CB5ED5CA543A}.Debug|Any CPU.ActiveCfg = Debug|Any CPU
		{58ECFAE0-C71F-47E8-AD5B-CB5ED5CA543A}.Debug|Any CPU.Build.0 = Debug|Any CPU
		{58ECFAE0-C71F-47E8-AD5B-CB5ED5CA543A}.Release|Any CPU.ActiveCfg = Release|Any CPU
		{58ECFAE0-C71F-47E8-AD5B-CB5ED5CA543A}.Release|Any CPU.Build.0 = Release|Any CPU
		{D1108D79-64B4-4F68-8D3C-5C45544B8C86}.Debug|Any CPU.ActiveCfg = Debug|Any CPU
		{D1108D79-64B4-4F68-8D3C-5C45544B8C86}.Debug|Any CPU.Build.0 = Debug|Any CPU
		{D1108D79-64B4-4F68-8D3C-5C45544B8C86}.Release|Any CPU.ActiveCfg = Release|Any CPU
		{D1108D79-64B4-4F68-8D3C-5C45544B8C86}.Release|Any CPU.Build.0 = Release|Any CPU
		{84A5BA58-DF79-401A-ACCF-B3C36CF38F68}.Debug|Any CPU.ActiveCfg = Debug|Any CPU
		{84A5BA58-DF79-401A-ACCF-B3C36CF38F68}.Debug|Any CPU.Build.0 = Debug|Any CPU
		{84A5BA58-DF79-401A-ACCF-B3C36CF38F68}.Release|Any CPU.ActiveCfg = Release|Any CPU
		{84A5BA58-DF79-401A-ACCF-B3C36CF38F68}.Release|Any CPU.Build.0 = Release|Any CPU
	EndGlobalSection
	GlobalSection(SolutionProperties) = preSolution
		HideSolutionNode = FALSE
	EndGlobalSection
	GlobalSection(ExtensibilityGlobals) = postSolution
		SolutionGuid = {1D2411EB-B3CB-4EAB-A78B-E3CAC340EA29}
	EndGlobalSection
EndGlobal
